// !$*UTF8*$!
{
	archiveVersion = 1;
	classes = {
	};
	objectVersion = 46;
	objects = {

/* Begin PBXBuildFile section */
		03671B77ED1A8190DA2DC346 /* libPods-UISearchDispaly.a in Frameworks */ = {isa = PBXBuildFile; fileRef = 23B982B4BC9F653276FECFF6 /* libPods-UISearchDispaly.a */; };
		690F8F6E1D307C9000D73624 /* main.m in Sources */ = {isa = PBXBuildFile; fileRef = 690F8F6D1D307C9000D73624 /* main.m */; };
		690F8F711D307C9000D73624 /* AppDelegate.m in Sources */ = {isa = PBXBuildFile; fileRef = 690F8F701D307C9000D73624 /* AppDelegate.m */; };
		690F8F741D307C9000D73624 /* ViewController.m in Sources */ = {isa = PBXBuildFile; fileRef = 690F8F731D307C9000D73624 /* ViewController.m */; };
		690F8F771D307C9000D73624 /* Main.storyboard in Resources */ = {isa = PBXBuildFile; fileRef = 690F8F751D307C9000D73624 /* Main.storyboard */; };
		690F8F791D307C9000D73624 /* Assets.xcassets in Resources */ = {isa = PBXBuildFile; fileRef = 690F8F781D307C9000D73624 /* Assets.xcassets */; };
		690F8F7C1D307C9000D73624 /* LaunchScreen.storyboard in Resources */ = {isa = PBXBuildFile; fileRef = 690F8F7A1D307C9000D73624 /* LaunchScreen.storyboard */; };
		690F8F871D307C9000D73624 /* UISearchDispalyTests.m in Sources */ = {isa = PBXBuildFile; fileRef = 690F8F861D307C9000D73624 /* UISearchDispalyTests.m */; };
		690F8F941D30851A00D73624 /* MKJDisplaySearchViewController.m in Sources */ = {isa = PBXBuildFile; fileRef = 690F8F921D30851A00D73624 /* MKJDisplaySearchViewController.m */; };
		690F8F951D30851A00D73624 /* MKJDisplaySearchViewController.xib in Resources */ = {isa = PBXBuildFile; fileRef = 690F8F931D30851A00D73624 /* MKJDisplaySearchViewController.xib */; };
		690F8FA81D30D0C800D73624 /* HotTableViewCell.m in Sources */ = {isa = PBXBuildFile; fileRef = 690F8FA61D30D0C800D73624 /* HotTableViewCell.m */; };
		690F8FA91D30D0C800D73624 /* HotTableViewCell.xib in Resources */ = {isa = PBXBuildFile; fileRef = 690F8FA71D30D0C800D73624 /* HotTableViewCell.xib */; };
		690F8FAE1D30D1BA00D73624 /* TagsTableViewCell.xib in Resources */ = {isa = PBXBuildFile; fileRef = 690F8FAC1D30D1BA00D73624 /* TagsTableViewCell.xib */; };
		690F8FB31D30D1E400D73624 /* ArticleTableViewCell.xib in Resources */ = {isa = PBXBuildFile; fileRef = 690F8FB11D30D1E400D73624 /* ArticleTableViewCell.xib */; };
		690F8FB71D31D9D200D73624 /* HotCollectionViewCell.m in Sources */ = {isa = PBXBuildFile; fileRef = 690F8FB51D31D9D200D73624 /* HotCollectionViewCell.m */; };
		690F8FB81D31D9D200D73624 /* HotCollectionViewCell.xib in Resources */ = {isa = PBXBuildFile; fileRef = 690F8FB61D31D9D200D73624 /* HotCollectionViewCell.xib */; };
		690F8FBD1D31D9E500D73624 /* HistoryCollectionViewCell.xib in Resources */ = {isa = PBXBuildFile; fileRef = 690F8FBB1D31D9E500D73624 /* HistoryCollectionViewCell.xib */; };
		690F8FC71D31EFEC00D73624 /* HeaderTableViewCell.xib in Resources */ = {isa = PBXBuildFile; fileRef = 690F8FC51D31EFEC00D73624 /* HeaderTableViewCell.xib */; };
		92C568AE00736C65E37DBF70 /* libPods.a in Frameworks */ = {isa = PBXBuildFile; fileRef = D2E9394D0264046FA6037129 /* libPods.a */; };
/* End PBXBuildFile section */

/* Begin PBXContainerItemProxy section */
		690F8F831D307C9000D73624 /* PBXContainerItemProxy */ = {
			isa = PBXContainerItemProxy;
			containerPortal = 690F8F611D307C9000D73624 /* Project object */;
			proxyType = 1;
			remoteGlobalIDString = 690F8F681D307C9000D73624;
			remoteInfo = UISearchDispaly;
		};
/* End PBXContainerItemProxy section */

/* Begin PBXFileReference section */
		005133729047230B19B017E1 /* Pods-UISearchDispaly.debug.xcconfig */ = {isa = PBXFileReference; includeInIndex = 1; lastKnownFileType = text.xcconfig; name = "Pods-UISearchDispaly.debug.xcconfig"; path = "Pods/Target Support Files/Pods-UISearchDispaly/Pods-UISearchDispaly.debug.xcconfig"; sourceTree = "<group>"; };
		23B982B4BC9F653276FECFF6 /* libPods-UISearchDispaly.a */ = {isa = PBXFileReference; explicitFileType = archive.ar; includeInIndex = 0; path = "libPods-UISearchDispaly.a"; sourceTree = BUILT_PRODUCTS_DIR; };
		66B6E1168DF891E0F69335D4 /* Pods-UISearchDispaly.release.xcconfig */ = {isa = PBXFileReference; includeInIndex = 1; lastKnownFileType = text.xcconfig; name = "Pods-UISearchDispaly.release.xcconfig"; path = "Pods/Target Support Files/Pods-UISearchDispaly/Pods-UISearchDispaly.release.xcconfig"; sourceTree = "<group>"; };
		690F8F691D307C9000D73624 /* UISearchDispaly.app */ = {isa = PBXFileReference; explicitFileType = wrapper.application; includeInIndex = 0; path = UISearchDispaly.app; sourceTree = BUILT_PRODUCTS_DIR; };
		690F8F6D1D307C9000D73624 /* main.m */ = {isa = PBXFileReference; lastKnownFileType = sourcecode.c.objc; path = main.m; sourceTree = "<group>"; };
		690F8F6F1D307C9000D73624 /* AppDelegate.h */ = {isa = PBXFileReference; lastKnownFileType = sourcecode.c.h; path = AppDelegate.h; sourceTree = "<group>"; };
		690F8F701D307C9000D73624 /* AppDelegate.m */ = {isa = PBXFileReference; lastKnownFileType = sourcecode.c.objc; path = AppDelegate.m; sourceTree = "<group>"; };
		690F8F721D307C9000D73624 /* ViewController.h */ = {isa = PBXFileReference; lastKnownFileType = sourcecode.c.h; path = ViewController.h; sourceTree = "<group>"; };
		690F8F731D307C9000D73624 /* ViewController.m */ = {isa = PBXFileReference; lastKnownFileType = sourcecode.c.objc; path = ViewController.m; sourceTree = "<group>"; };
		690F8F761D307C9000D73624 /* Base */ = {isa = PBXFileReference; lastKnownFileType = file.storyboard; name = Base; path = Base.lproj/Main.storyboard; sourceTree = "<group>"; };
		690F8F781D307C9000D73624 /* Assets.xcassets */ = {isa = PBXFileReference; lastKnownFileType = folder.assetcatalog; path = Assets.xcassets; sourceTree = "<group>"; };
		690F8F7B1D307C9000D73624 /* Base */ = {isa = PBXFileReference; lastKnownFileType = file.storyboard; name = Base; path = Base.lproj/LaunchScreen.storyboard; sourceTree = "<group>"; };
		690F8F7D1D307C9000D73624 /* Info.plist */ = {isa = PBXFileReference; lastKnownFileType = text.plist.xml; path = Info.plist; sourceTree = "<group>"; };
		690F8F821D307C9000D73624 /* UISearchDispalyTests.xctest */ = {isa = PBXFileReference; explicitFileType = wrapper.cfbundle; includeInIndex = 0; path = UISearchDispalyTests.xctest; sourceTree = BUILT_PRODUCTS_DIR; };
		690F8F861D307C9000D73624 /* UISearchDispalyTests.m */ = {isa = PBXFileReference; lastKnownFileType = sourcecode.c.objc; path = UISearchDispalyTests.m; sourceTree = "<group>"; };
		690F8F881D307C9000D73624 /* Info.plist */ = {isa = PBXFileReference; lastKnownFileType = text.plist.xml; path = Info.plist; sourceTree = "<group>"; };
		690F8F911D30851A00D73624 /* MKJDisplaySearchViewController.h */ = {isa = PBXFileReference; fileEncoding = 4; lastKnownFileType = sourcecode.c.h; path = MKJDisplaySearchViewController.h; sourceTree = "<group>"; };
		690F8F921D30851A00D73624 /* MKJDisplaySearchViewController.m */ = {isa = PBXFileReference; fileEncoding = 4; lastKnownFileType = sourcecode.c.objc; path = MKJDisplaySearchViewController.m; sourceTree = "<group>"; };
		690F8F931D30851A00D73624 /* MKJDisplaySearchViewController.xib */ = {isa = PBXFileReference; fileEncoding = 4; lastKnownFileType = file.xib; path = MKJDisplaySearchViewController.xib; sourceTree = "<group>"; };
		690F8FA51D30D0C800D73624 /* HotTableViewCell.h */ = {isa = PBXFileReference; fileEncoding = 4; lastKnownFileType = sourcecode.c.h; path = HotTableViewCell.h; sourceTree = "<group>"; };
		690F8FA61D30D0C800D73624 /* HotTableViewCell.m */ = {isa = PBXFileReference; fileEncoding = 4; lastKnownFileType = sourcecode.c.objc; path = HotTableViewCell.m; sourceTree = "<group>"; };
		690F8FA71D30D0C800D73624 /* HotTableViewCell.xib */ = {isa = PBXFileReference; fileEncoding = 4; lastKnownFileType = file.xib; path = HotTableViewCell.xib; sourceTree = "<group>"; };
		690F8FAC1D30D1BA00D73624 /* TagsTableViewCell.xib */ = {isa = PBXFileReference; fileEncoding = 4; lastKnownFileType = file.xib; path = TagsTableViewCell.xib; sourceTree = "<group>"; };
		690F8FB11D30D1E400D73624 /* ArticleTableViewCell.xib */ = {isa = PBXFileReference; fileEncoding = 4; lastKnownFileType = file.xib; path = ArticleTableViewCell.xib; sourceTree = "<group>"; };
		690F8FB41D31D9D200D73624 /* HotCollectionViewCell.h */ = {isa = PBXFileReference; fileEncoding = 4; lastKnownFileType = sourcecode.c.h; path = HotCollectionViewCell.h; sourceTree = "<group>"; };
		690F8FB51D31D9D200D73624 /* HotCollectionViewCell.m */ = {isa = PBXFileReference; fileEncoding = 4; lastKnownFileType = sourcecode.c.objc; path = HotCollectionViewCell.m; sourceTree = "<group>"; };
		690F8FB61D31D9D200D73624 /* HotCollectionViewCell.xib */ = {isa = PBXFileReference; fileEncoding = 4; lastKnownFileType = file.xib; path = HotCollectionViewCell.xib; sourceTree = "<group>"; };
		690F8FBB1D31D9E500D73624 /* HistoryCollectionViewCell.xib */ = {isa = PBXFileReference; fileEncoding = 4; lastKnownFileType = file.xib; path = HistoryCollectionViewCell.xib; sourceTree = "<group>"; };
		690F8FC51D31EFEC00D73624 /* HeaderTableViewCell.xib */ = {isa = PBXFileReference; fileEncoding = 4; lastKnownFileType = file.xib; path = HeaderTableViewCell.xib; sourceTree = "<group>"; };
		AC023667617FE437440071AC /* Pods.release.xcconfig */ = {isa = PBXFileReference; includeInIndex = 1; lastKnownFileType = text.xcconfig; name = Pods.release.xcconfig; path = "Pods/Target Support Files/Pods/Pods.release.xcconfig"; sourceTree = "<group>"; };
		D2E9394D0264046FA6037129 /* libPods.a */ = {isa = PBXFileReference; explicitFileType = archive.ar; includeInIndex = 0; path = libPods.a; sourceTree = BUILT_PRODUCTS_DIR; };
		D728BC34F4FCD6178B2E3A88 /* Pods.debug.xcconfig */ = {isa = PBXFileReference; includeInIndex = 1; lastKnownFileType = text.xcconfig; name = Pods.debug.xcconfig; path = "Pods/Target Support Files/Pods/Pods.debug.xcconfig"; sourceTree = "<group>"; };
/* End PBXFileReference section */

/* Begin PBXFrameworksBuildPhase section */
		690F8F661D307C9000D73624 /* Frameworks */ = {
			isa = PBXFrameworksBuildPhase;
			buildActionMask = 2147483647;
			files = (
				03671B77ED1A8190DA2DC346 /* libPods-UISearchDispaly.a in Frameworks */,
				92C568AE00736C65E37DBF70 /* libPods.a in Frameworks */,
			);
			runOnlyForDeploymentPostprocessing = 0;
		};
		690F8F7F1D307C9000D73624 /* Frameworks */ = {
			isa = PBXFrameworksBuildPhase;
			buildActionMask = 2147483647;
			files = (
			);
			runOnlyForDeploymentPostprocessing = 0;
		};
/* End PBXFrameworksBuildPhase section */

/* Begin PBXGroup section */
		690F8F601D307C9000D73624 = {
			isa = PBXGroup;
			children = (
				690F8F6B1D307C9000D73624 /* UISearchDispaly */,
				690F8F851D307C9000D73624 /* UISearchDispalyTests */,
				690F8F6A1D307C9000D73624 /* Products */,
				C4A3483A521263503854ECCC /* Pods */,
				D41F62725D455973D894D3F4 /* Frameworks */,
			);
			sourceTree = "<group>";
		};
		690F8F6A1D307C9000D73624 /* Products */ = {
			isa = PBXGroup;
			children = (
				690F8F691D307C9000D73624 /* UISearchDispaly.app */,
				690F8F821D307C9000D73624 /* UISearchDispalyTests.xctest */,
			);
			name = Products;
			sourceTree = "<group>";
		};
		690F8F6B1D307C9000D73624 /* UISearchDispaly */ = {
			isa = PBXGroup;
			children = (
				690F8F911D30851A00D73624 /* MKJDisplaySearchViewController.h */,
				690F8F921D30851A00D73624 /* MKJDisplaySearchViewController.m */,
				690F8F931D30851A00D73624 /* MKJDisplaySearchViewController.xib */,
				690F8FA51D30D0C800D73624 /* HotTableViewCell.h */,
				690F8FA61D30D0C800D73624 /* HotTableViewCell.m */,
				690F8FA71D30D0C800D73624 /* HotTableViewCell.xib */,
				690F8FAC1D30D1BA00D73624 /* TagsTableViewCell.xib */,
				690F8FB11D30D1E400D73624 /* ArticleTableViewCell.xib */,
				690F8FC51D31EFEC00D73624 /* HeaderTableViewCell.xib */,
				690F8FB41D31D9D200D73624 /* HotCollectionViewCell.h */,
				690F8FB51D31D9D200D73624 /* HotCollectionViewCell.m */,
				690F8FB61D31D9D200D73624 /* HotCollectionViewCell.xib */,
				690F8FBB1D31D9E500D73624 /* HistoryCollectionViewCell.xib */,
				690F8F6F1D307C9000D73624 /* AppDelegate.h */,
				690F8F701D307C9000D73624 /* AppDelegate.m */,
				690F8F721D307C9000D73624 /* ViewController.h */,
				690F8F731D307C9000D73624 /* ViewController.m */,
				690F8F751D307C9000D73624 /* Main.storyboard */,
				690F8F781D307C9000D73624 /* Assets.xcassets */,
				690F8F7A1D307C9000D73624 /* LaunchScreen.storyboard */,
				690F8F7D1D307C9000D73624 /* Info.plist */,
				690F8F6C1D307C9000D73624 /* Supporting Files */,
			);
			path = UISearchDispaly;
			sourceTree = "<group>";
		};
		690F8F6C1D307C9000D73624 /* Supporting Files */ = {
			isa = PBXGroup;
			children = (
				690F8F6D1D307C9000D73624 /* main.m */,
			);
			name = "Supporting Files";
			sourceTree = "<group>";
		};
		690F8F851D307C9000D73624 /* UISearchDispalyTests */ = {
			isa = PBXGroup;
			children = (
				690F8F861D307C9000D73624 /* UISearchDispalyTests.m */,
				690F8F881D307C9000D73624 /* Info.plist */,
			);
			path = UISearchDispalyTests;
			sourceTree = "<group>";
		};
		C4A3483A521263503854ECCC /* Pods */ = {
			isa = PBXGroup;
			children = (
				005133729047230B19B017E1 /* Pods-UISearchDispaly.debug.xcconfig */,
				66B6E1168DF891E0F69335D4 /* Pods-UISearchDispaly.release.xcconfig */,
				D728BC34F4FCD6178B2E3A88 /* Pods.debug.xcconfig */,
				AC023667617FE437440071AC /* Pods.release.xcconfig */,
			);
			name = Pods;
			sourceTree = "<group>";
		};
		D41F62725D455973D894D3F4 /* Frameworks */ = {
			isa = PBXGroup;
			children = (
				23B982B4BC9F653276FECFF6 /* libPods-UISearchDispaly.a */,
				D2E9394D0264046FA6037129 /* libPods.a */,
			);
			name = Frameworks;
			sourceTree = "<group>";
		};
/* End PBXGroup section */

/* Begin PBXNativeTarget section */
		690F8F681D307C9000D73624 /* UISearchDispaly */ = {
			isa = PBXNativeTarget;
			buildConfigurationList = 690F8F8B1D307C9000D73624 /* Build configuration list for PBXNativeTarget "UISearchDispaly" */;
			buildPhases = (
				8CC6EAB307D439961A28B134 /* Check Pods Manifest.lock */,
				690F8F651D307C9000D73624 /* Sources */,
				690F8F661D307C9000D73624 /* Frameworks */,
				690F8F671D307C9000D73624 /* Resources */,
				6AD4F3695FEFB039E953046C /* Copy Pods Resources */,
			);
			buildRules = (
			);
			dependencies = (
			);
			name = UISearchDispaly;
			productName = UISearchDispaly;
			productReference = 690F8F691D307C9000D73624 /* UISearchDispaly.app */;
			productType = "com.apple.product-type.application";
		};
		690F8F811D307C9000D73624 /* UISearchDispalyTests */ = {
			isa = PBXNativeTarget;
			buildConfigurationList = 690F8F8E1D307C9000D73624 /* Build configuration list for PBXNativeTarget "UISearchDispalyTests" */;
			buildPhases = (
				690F8F7E1D307C9000D73624 /* Sources */,
				690F8F7F1D307C9000D73624 /* Frameworks */,
				690F8F801D307C9000D73624 /* Resources */,
			);
			buildRules = (
			);
			dependencies = (
				690F8F841D307C9000D73624 /* PBXTargetDependency */,
			);
			name = UISearchDispalyTests;
			productName = UISearchDispalyTests;
			productReference = 690F8F821D307C9000D73624 /* UISearchDispalyTests.xctest */;
			productType = "com.apple.product-type.bundle.unit-test";
		};
/* End PBXNativeTarget section */

/* Begin PBXProject section */
		690F8F611D307C9000D73624 /* Project object */ = {
			isa = PBXProject;
			attributes = {
				LastUpgradeCheck = 0720;
				ORGANIZATIONNAME = UITableView;
				TargetAttributes = {
					690F8F681D307C9000D73624 = {
						CreatedOnToolsVersion = 7.2;
					};
					690F8F811D307C9000D73624 = {
						CreatedOnToolsVersion = 7.2;
						TestTargetID = 690F8F681D307C9000D73624;
					};
				};
			};
			buildConfigurationList = 690F8F641D307C9000D73624 /* Build configuration list for PBXProject "UISearchDispaly" */;
			compatibilityVersion = "Xcode 3.2";
			developmentRegion = English;
			hasScannedForEncodings = 0;
			knownRegions = (
				en,
				Base,
			);
			mainGroup = 690F8F601D307C9000D73624;
			productRefGroup = 690F8F6A1D307C9000D73624 /* Products */;
			projectDirPath = "";
			projectRoot = "";
			targets = (
				690F8F681D307C9000D73624 /* UISearchDispaly */,
				690F8F811D307C9000D73624 /* UISearchDispalyTests */,
			);
		};
/* End PBXProject section */

/* Begin PBXResourcesBuildPhase section */
		690F8F671D307C9000D73624 /* Resources */ = {
			isa = PBXResourcesBuildPhase;
			buildActionMask = 2147483647;
			files = (
				690F8FAE1D30D1BA00D73624 /* TagsTableViewCell.xib in Resources */,
				690F8FB31D30D1E400D73624 /* ArticleTableViewCell.xib in Resources */,
				690F8F951D30851A00D73624 /* MKJDisplaySearchViewController.xib in Resources */,
				690F8F7C1D307C9000D73624 /* LaunchScreen.storyboard in Resources */,
				690F8FC71D31EFEC00D73624 /* HeaderTableViewCell.xib in Resources */,
				690F8FBD1D31D9E500D73624 /* HistoryCollectionViewCell.xib in Resources */,
				690F8FB81D31D9D200D73624 /* HotCollectionViewCell.xib in Resources */,
				690F8F791D307C9000D73624 /* Assets.xcassets in Resources */,
				690F8F771D307C9000D73624 /* Main.storyboard in Resources */,
				690F8FA91D30D0C800D73624 /* HotTableViewCell.xib in Resources */,
			);
			runOnlyForDeploymentPostprocessing = 0;
		};
		690F8F801D307C9000D73624 /* Resources */ = {
			isa = PBXResourcesBuildPhase;
			buildActionMask = 2147483647;
			files = (
			);
			runOnlyForDeploymentPostprocessing = 0;
		};
/* End PBXResourcesBuildPhase section */

/* Begin PBXShellScriptBuildPhase section */
		6AD4F3695FEFB039E953046C /* Copy Pods Resources */ = {
			isa = PBXShellScriptBuildPhase;
			buildActionMask = 2147483647;
			files = (
			);
			inputPaths = (
			);
			name = "Copy Pods Resources";
			outputPaths = (
			);
			runOnlyForDeploymentPostprocessing = 0;
			shellPath = /bin/sh;
			shellScript = "\"${SRCROOT}/Pods/Target Support Files/Pods-UISearchDispaly/Pods-UISearchDispaly-resources.sh\"\n";
			showEnvVarsInLog = 0;
		};
		8CC6EAB307D439961A28B134 /* Check Pods Manifest.lock */ = {
			isa = PBXShellScriptBuildPhase;
			buildActionMask = 2147483647;
			files = (
			);
			inputPaths = (
			);
			name = "Check Pods Manifest.lock";
			outputPaths = (
			);
			runOnlyForDeploymentPostprocessing = 0;
			shellPath = /bin/sh;
			shellScript = "diff \"${PODS_ROOT}/../Podfile.lock\" \"${PODS_ROOT}/Manifest.lock\" > /dev/null\nif [[ $? != 0 ]] ; then\n    cat << EOM\nerror: The sandbox is not in sync with the Podfile.lock. Run 'pod install' or update your CocoaPods installation.\nEOM\n    exit 1\nfi\n";
			showEnvVarsInLog = 0;
		};
/* End PBXShellScriptBuildPhase section */

/* Begin PBXSourcesBuildPhase section */
		690F8F651D307C9000D73624 /* Sources */ = {
			isa = PBXSourcesBuildPhase;
			buildActionMask = 2147483647;
			files = (
				690F8F941D30851A00D73624 /* MKJDisplaySearchViewController.m in Sources */,
				690F8F741D307C9000D73624 /* ViewController.m in Sources */,
				690F8FA81D30D0C800D73624 /* HotTableViewCell.m in Sources */,
				690F8FB71D31D9D200D73624 /* HotCollectionViewCell.m in Sources */,
				690F8F711D307C9000D73624 /* AppDelegate.m in Sources */,
				690F8F6E1D307C9000D73624 /* main.m in Sources */,
			);
			runOnlyForDeploymentPostprocessing = 0;
		};
		690F8F7E1D307C9000D73624 /* Sources */ = {
			isa = PBXSourcesBuildPhase;
			buildActionMask = 2147483647;
			files = (
				690F8F871D307C9000D73624 /* UISearchDispalyTests.m in Sources */,
			);
			runOnlyForDeploymentPostprocessing = 0;
		};
/* End PBXSourcesBuildPhase section */

/* Begin PBXTargetDependency section */
		690F8F841D307C9000D73624 /* PBXTargetDependency */ = {
			isa = PBXTargetDependency;
			target = 690F8F681D307C9000D73624 /* UISearchDispaly */;
			targetProxy = 690F8F831D307C9000D73624 /* PBXContainerItemProxy */;
		};
/* End PBXTargetDependency section */

/* Begin PBXVariantGroup section */
		690F8F751D307C9000D73624 /* Main.storyboard */ = {
			isa = PBXVariantGroup;
			children = (
				690F8F761D307C9000D73624 /* Base */,
			);
			name = Main.storyboard;
			sourceTree = "<group>";
		};
		690F8F7A1D307C9000D73624 /* LaunchScreen.storyboard */ = {
			isa = PBXVariantGroup;
			children = (
				690F8F7B1D307C9000D73624 /* Base */,
			);
			name = LaunchScreen.storyboard;
			sourceTree = "<group>";
		};
/* End PBXVariantGroup section */

/* Begin XCBuildConfiguration section */
		690F8F891D307C9000D73624 /* Debug */ = {
			isa = XCBuildConfiguration;
			buildSettings = {
				ALWAYS_SEARCH_USER_PATHS = NO;
				CLANG_CXX_LANGUAGE_STANDARD = "gnu++0x";
				CLANG_CXX_LIBRARY = "libc++";
				CLANG_ENABLE_MODULES = YES;
				CLANG_ENABLE_OBJC_ARC = YES;
				CLANG_WARN_BOOL_CONVERSION = YES;
				CLANG_WARN_CONSTANT_CONVERSION = YES;
				CLANG_WARN_DIRECT_OBJC_ISA_USAGE = YES_ERROR;
				CLANG_WARN_EMPTY_BODY = YES;
				CLANG_WARN_ENUM_CONVERSION = YES;
				CLANG_WARN_INT_CONVERSION = YES;
				CLANG_WARN_OBJC_ROOT_CLASS = YES_ERROR;
				CLANG_WARN_UNREACHABLE_CODE = YES;
				CLANG_WARN__DUPLICATE_METHOD_MATCH = YES;
				"CODE_SIGN_IDENTITY[sdk=iphoneos*]" = "iPhone Developer";
				COPY_PHASE_STRIP = NO;
				DEBUG_INFORMATION_FORMAT = dwarf;
				ENABLE_STRICT_OBJC_MSGSEND = YES;
				ENABLE_TESTABILITY = YES;
				GCC_C_LANGUAGE_STANDARD = gnu99;
				GCC_DYNAMIC_NO_PIC = NO;
				GCC_NO_COMMON_BLOCKS = YES;
				GCC_OPTIMIZATION_LEVEL = 0;
				GCC_PREPROCESSOR_DEFINITIONS = (
					"DEBUG=1",
					"$(inherited)",
				);
				GCC_WARN_64_TO_32_BIT_CONVERSION = YES;
				GCC_WARN_ABOUT_RETURN_TYPE = YES_ERROR;
				GCC_WARN_UNDECLARED_SELECTOR = YES;
				GCC_WARN_UNINITIALIZED_AUTOS = YES_AGGRESSIVE;
				GCC_WARN_UNUSED_FUNCTION = YES;
				GCC_WARN_UNUSED_VARIABLE = YES;
				IPHONEOS_DEPLOYMENT_TARGET = 9.2;
				MTL_ENABLE_DEBUG_INFO = YES;
				ONLY_ACTIVE_ARCH = YES;
				SDKROOT = iphoneos;
				TARGETED_DEVICE_FAMILY = "1,2";
			};
			name = Debug;
		};
		690F8F8A1D307C9000D73624 /* Release */ = {
			isa = XCBuildConfiguration;
			buildSettings = {
				ALWAYS_SEARCH_USER_PATHS = NO;
				CLANG_CXX_LANGUAGE_STANDARD = "gnu++0x";
				CLANG_CXX_LIBRARY = "libc++";
				CLANG_ENABLE_MODULES = YES;
				CLANG_ENABLE_OBJC_ARC = YES;
				CLANG_WARN_BOOL_CONVERSION = YES;
				CLANG_WARN_CONSTANT_CONVERSION = YES;
				CLANG_WARN_DIRECT_OBJC_ISA_USAGE = YES_ERROR;
				CLANG_WARN_EMPTY_BODY = YES;
				CLANG_WARN_ENUM_CONVERSION = YES;
				CLANG_WARN_INT_CONVERSION = YES;
				CLANG_WARN_OBJC_ROOT_CLASS = YES_ERROR;
				CLANG_WARN_UNREACHABLE_CODE = YES;
				CLANG_WARN__DUPLICATE_METHOD_MATCH = YES;
				"CODE_SIGN_IDENTITY[sdk=iphoneos*]" = "iPhone Developer";
				COPY_PHASE_STRIP = NO;
				DEBUG_INFORMATION_FORMAT = "dwarf-with-dsym";
				ENABLE_NS_ASSERTIONS = NO;
				ENABLE_STRICT_OBJC_MSGSEND = YES;
				GCC_C_LANGUAGE_STANDARD = gnu99;
				GCC_NO_COMMON_BLOCKS = YES;
				GCC_WARN_64_TO_32_BIT_CONVERSION = YES;
				GCC_WARN_ABOUT_RETURN_TYPE = YES_ERROR;
				GCC_WARN_UNDECLARED_SELECTOR = YES;
				GCC_WARN_UNINITIALIZED_AUTOS = YES_AGGRESSIVE;
				GCC_WARN_UNUSED_FUNCTION = YES;
				GCC_WARN_UNUSED_VARIABLE = YES;
				IPHONEOS_DEPLOYMENT_TARGET = 9.2;
				MTL_ENABLE_DEBUG_INFO = NO;
				SDKROOT = iphoneos;
				TARGETED_DEVICE_FAMILY = "1,2";
				VALIDATE_PRODUCT = YES;
			};
			name = Release;
		};
		690F8F8C1D307C9000D73624 /* Debug */ = {
			isa = XCBuildConfiguration;
			baseConfigurationReference = 005133729047230B19B017E1 /* Pods-UISearchDispaly.debug.xcconfig */;
			buildSettings = {
				ASSETCATALOG_COMPILER_APPICON_NAME = AppIcon;
				INFOPLIST_FILE = UISearchDispaly/Info.plist;
				IPHONEOS_DEPLOYMENT_TARGET = 9.0;
				LD_RUNPATH_SEARCH_PATHS = "$(inherited) @executable_path/Frameworks";
				LIBRARY_SEARCH_PATHS = "";
				PRODUCT_BUNDLE_IDENTIFIER = mkj.UISearchDispaly;
				PRODUCT_NAME = "$(TARGET_NAME)";
			};
			name = Debug;
		};
		690F8F8D1D307C9000D73624 /* Release */ = {
			isa = XCBuildConfiguration;
			baseConfigurationReference = 66B6E1168DF891E0F69335D4 /* Pods-UISearchDispaly.release.xcconfig */;
			buildSettings = {
				ASSETCATALOG_COMPILER_APPICON_NAME = AppIcon;
				INFOPLIST_FILE = UISearchDispaly/Info.plist;
				IPHONEOS_DEPLOYMENT_TARGET = 9.0;
				LD_RUNPATH_SEARCH_PATHS = "$(inherited) @executable_path/Frameworks";
				LIBRARY_SEARCH_PATHS = "";
				PRODUCT_BUNDLE_IDENTIFIER = mkj.UISearchDispaly;
				PRODUCT_NAME = "$(TARGET_NAME)";
			};
			name = Release;
		};
		690F8F8F1D307C9000D73624 /* Debug */ = {
			isa = XCBuildConfiguration;
			buildSettings = {
				BUNDLE_LOADER = "$(TEST_HOST)";
				INFOPLIST_FILE = UISearchDispalyTests/Info.plist;
				LD_RUNPATH_SEARCH_PATHS = "$(inherited) @executable_path/Frameworks @loader_path/Frameworks";
				PRODUCT_BUNDLE_IDENTIFIER = mkj.UISearchDispalyTests;
				PRODUCT_NAME = "$(TARGET_NAME)";
				TEST_HOST = "$(BUILT_PRODUCTS_DIR)/UISearchDispaly.app/UISearchDispaly";
			};
			name = Debug;
		};
		690F8F901D307C9000D73624 /* Release */ = {
			isa = XCBuildConfiguration;
			buildSettings = {
				BUNDLE_LOADER = "$(TEST_HOST)";
				INFOPLIST_FILE = UISearchDispalyTests/Info.plist;
				LD_RUNPATH_SEARCH_PATHS = "$(inherited) @executable_path/Frameworks @loader_path/Frameworks";
				PRODUCT_BUNDLE_IDENTIFIER = mkj.UISearchDispalyTests;
				PRODUCT_NAME = "$(TARGET_NAME)";
				TEST_HOST = "$(BUILT_PRODUCTS_DIR)/UISearchDispaly.app/UISearchDispaly";
			};
			name = Release;
		};
/* End XCBuildConfiguration section */

/* Begin XCConfigurationList section */
		690F8F641D307C9000D73624 /* Build configuration list for PBXProject "UISearchDispaly" */ = {
			isa = XCConfigurationList;
			buildConfigurations = (
				690F8F891D307C9000D73624 /* Debug */,
				690F8F8A1D307C9000D73624 /* Release */,
			);
			defaultConfigurationIsVisible = 0;
			defaultConfigurationName = Release;
		};
		690F8F8B1D307C9000D73624 /* Build configuration list for PBXNativeTarget "UISearchDispaly" */ = {
			isa = XCConfigurationList;
			buildConfigurations = (
				690F8F8C1D307C9000D73624 /* Debug */,
				690F8F8D1D307C9000D73624 /* Release */,
			);
			defaultConfigurationIsVisible = 0;
			defaultConfigurationName = Release;
		};
		690F8F8E1D307C9000D73624 /* Build configuration list for PBXNativeTarget "UISearchDispalyTests" */ = {
			isa = XCConfigurationList;
			buildConfigurations = (
				690F8F8F1D307C9000D73624 /* Debug */,
				690F8F901D307C9000D73624 /* Release */,
			);
			defaultConfigurationIsVisible = 0;
			defaultConfigurationName = Release;
		};
/* End XCConfigurationList section */
	};
	rootObject = 690F8F611D307C9000D73624 /* Project object */;
}
