PODS:
  - SDWebImage (3.8.1):
    - SDWebImage/Core (= 3.8.1)
  - SDWebImage/Core (3.8.1)
  - SKTagView (0.9.1)
  - UITableView+FDTemplateLayoutCell (1.4)

DEPENDENCIES:
  - SDWebImage
  - SKTagView
  - UITableView+FDTemplateLayoutCell

SPEC CHECKSUMS:
  SDWebImage: 35f9627a3e44b4f292a8a8ce6a531fa488239b91
  SKTagView: a60e322f9a5cef6197302cafcb7c69156daa140e
  UITableView+FDTemplateLayoutCell: 234e1582bcc4e18461af91155123bb96538ed030

COCOAPODS: 0.39.0
